
Microsoft Visual Studio Solution File, Format Version 12.00
# Visual Studio Version 16
VisualStudioVersion = 16.0.31410.357
MinimumVisualStudioVersion = 10.0.40219.1
Project("{9A19103F-16F7-4668-BE54-9A1E7A4F7556}") = "DesignPatternsInCSharp", "DesignPatternsInCSharp.csproj", "{53007EAB-5A64-463A-9E8F-5F35102DA97B}"
EndProject
Global
	GlobalSection(SolutionConfigurationPlatforms) = preSolution
		Debug|Any CPU = Debug|Any CPU
		Release|Any CPU = Release|Any CPU
	EndGlobalSection
	GlobalSection(ProjectConfigurationPlatforms) = postSolution
		{53007EAB-5A64-463A-9E8F-5F35102DA97B}.Debug|Any CPU.ActiveCfg = Debug|Any CPU
		{53007EAB-5A64-463A-9E8F-5F35102DA97B}.Debug|Any CPU.Build.0 = Debug|Any CPU
		{53007EAB-5A64-463A-9E8F-5F35102DA97B}.Release|Any CPU.ActiveCfg = Release|Any CPU
		{53007EAB-5A64-463A-9E8F-5F35102DA97B}.Release|Any CPU.Build.0 = Release|Any CPU
	EndGlobalSection
	GlobalSection(SolutionProperties) = preSolution
		HideSolutionNode = FALSE
	EndGlobalSection
	GlobalSection(ExtensibilityGlobals) = postSolution
		SolutionGuid = {40D57E9A-9DAD-4F55-8951-925A3975489B}
	EndGlobalSection
EndGlobal
